// !$*UTF8*$!
{
	archiveVersion = 1;
	classes = {
	};
	objectVersion = 46;
	objects = {

/* Begin PBXBuildFile section */
		0D82C80E1D5F43E500BEE29D /* RNAnalogClock.m in Sources */ = {isa = PBXBuildFile; fileRef = 0D82C8071D5F43E500BEE29D /* RNAnalogClock.m */; };
		0D82C80F1D5F43E500BEE29D /* RNAnalogClockManager.m in Sources */ = {isa = PBXBuildFile; fileRef = 0D82C8081D5F43E500BEE29D /* RNAnalogClockManager.m */; };
		0D82C8101D5F43E500BEE29D /* BEMAnalogClockView.m in Sources */ = {isa = PBXBuildFile; fileRef = 0D82C80A1D5F43E500BEE29D /* BEMAnalogClockView.m */; };
		0D82C8111D5F43E500BEE29D /* KSMHand.m in Sources */ = {isa = PBXBuildFile; fileRef = 0D82C80D1D5F43E500BEE29D /* KSMHand.m */; };
/* End PBXBuildFile section */

/* Begin PBXCopyFilesBuildPhase section */
		0D82C7F81D5F43AE00BEE29D /* CopyFiles */ = {
			isa = PBXCopyFilesBuildPhase;
			buildActionMask = 2147483647;
			dstPath = "include/$(PRODUCT_NAME)";
			dstSubfolderSpec = 16;
			files = (
			);
			runOnlyForDeploymentPostprocessing = 0;
		};
/* End PBXCopyFilesBuildPhase section */

/* Begin PBXFileReference section */
		0D82C7FA1D5F43AE00BEE29D /* libreact-native-analog-clock.a */ = {isa = PBXFileReference; explicitFileType = archive.ar; includeInIndex = 0; path = "libreact-native-analog-clock.a"; sourceTree = BUILT_PRODUCTS_DIR; };
		0D82C8061D5F43E500BEE29D /* RNAnalogClock.h */ = {isa = PBXFileReference; fileEncoding = 4; lastKnownFileType = sourcecode.c.h; path = RNAnalogClock.h; sourceTree = "<group>"; };
		0D82C8071D5F43E500BEE29D /* RNAnalogClock.m */ = {isa = PBXFileReference; fileEncoding = 4; lastKnownFileType = sourcecode.c.objc; path = RNAnalogClock.m; sourceTree = "<group>"; };
		0D82C8081D5F43E500BEE29D /* RNAnalogClockManager.m */ = {isa = PBXFileReference; fileEncoding = 4; lastKnownFileType = sourcecode.c.objc; path = RNAnalogClockManager.m; sourceTree = "<group>"; };
		0D82C8091D5F43E500BEE29D /* RNAnalogClockManager.h */ = {isa = PBXFileReference; fileEncoding = 4; lastKnownFileType = sourcecode.c.h; path = RNAnalogClockManager.h; sourceTree = "<group>"; };
		0D82C80A1D5F43E500BEE29D /* BEMAnalogClockView.m */ = {isa = PBXFileReference; fileEncoding = 4; lastKnownFileType = sourcecode.c.objc; path = BEMAnalogClockView.m; sourceTree = "<group>"; };
		0D82C80B1D5F43E500BEE29D /* BEMAnalogClockView.h */ = {isa = PBXFileReference; fileEncoding = 4; lastKnownFileType = sourcecode.c.h; path = BEMAnalogClockView.h; sourceTree = "<group>"; };
		0D82C80C1D5F43E500BEE29D /* KSMHand.h */ = {isa = PBXFileReference; fileEncoding = 4; lastKnownFileType = sourcecode.c.h; path = KSMHand.h; sourceTree = "<group>"; };
		0D82C80D1D5F43E500BEE29D /* KSMHand.m */ = {isa = PBXFileReference; fileEncoding = 4; lastKnownFileType = sourcecode.c.objc; path = KSMHand.m; sourceTree = "<group>"; };
/* End PBXFileReference section */

/* Begin PBXFrameworksBuildPhase section */
		0D82C7F71D5F43AE00BEE29D /* Frameworks */ = {
			isa = PBXFrameworksBuildPhase;
			buildActionMask = 2147483647;
			files = (
			);
			runOnlyForDeploymentPostprocessing = 0;
		};
/* End PBXFrameworksBuildPhase section */

/* Begin PBXGroup section */
		0D82C7F11D5F43AE00BEE29D = {
			isa = PBXGroup;
			children = (
				0D82C7FC1D5F43AE00BEE29D /* react-native-analog-clock */,
				0D82C7FB1D5F43AE00BEE29D /* Products */,
			);
			sourceTree = "<group>";
		};
		0D82C7FB1D5F43AE00BEE29D /* Products */ = {
			isa = PBXGroup;
			children = (
				0D82C7FA1D5F43AE00BEE29D /* libreact-native-analog-clock.a */,
			);
			name = Products;
			sourceTree = "<group>";
		};
		0D82C7FC1D5F43AE00BEE29D /* react-native-analog-clock */ = {
			isa = PBXGroup;
			children = (
				0D82C8061D5F43E500BEE29D /* RNAnalogClock.h */,
				0D82C8071D5F43E500BEE29D /* RNAnalogClock.m */,
				0D82C8081D5F43E500BEE29D /* RNAnalogClockManager.m */,
				0D82C8091D5F43E500BEE29D /* RNAnalogClockManager.h */,
				0D82C80A1D5F43E500BEE29D /* BEMAnalogClockView.m */,
				0D82C80B1D5F43E500BEE29D /* BEMAnalogClockView.h */,
				0D82C80C1D5F43E500BEE29D /* KSMHand.h */,
				0D82C80D1D5F43E500BEE29D /* KSMHand.m */,
			);
			path = "react-native-analog-clock";
			sourceTree = "<group>";
		};
/* End PBXGroup section */

/* Begin PBXNativeTarget section */
		0D82C7F91D5F43AE00BEE29D /* react-native-analog-clock */ = {
			isa = PBXNativeTarget;
			buildConfigurationList = 0D82C8031D5F43AE00BEE29D /* Build configuration list for PBXNativeTarget "react-native-analog-clock" */;
			buildPhases = (
				0D82C7F61D5F43AE00BEE29D /* Sources */,
				0D82C7F71D5F43AE00BEE29D /* Frameworks */,
				0D82C7F81D5F43AE00BEE29D /* CopyFiles */,
			);
			buildRules = (
			);
			dependencies = (
			);
			name = "react-native-analog-clock";
			productName = "react-native-analog-clock";
			productReference = 0D82C7FA1D5F43AE00BEE29D /* libreact-native-analog-clock.a */;
			productType = "com.apple.product-type.library.static";
		};
/* End PBXNativeTarget section */

/* Begin PBXProject section */
		0D82C7F21D5F43AE00BEE29D /* Project object */ = {
			isa = PBXProject;
			attributes = {
				LastUpgradeCheck = 0730;
				ORGANIZATIONNAME = "Erwan DATIN";
				TargetAttributes = {
					0D82C7F91D5F43AE00BEE29D = {
						CreatedOnToolsVersion = 7.3;
					};
				};
			};
			buildConfigurationList = 0D82C7F51D5F43AE00BEE29D /* Build configuration list for PBXProject "react-native-analog-clock" */;
			compatibilityVersion = "Xcode 3.2";
			developmentRegion = English;
			hasScannedForEncodings = 0;
			knownRegions = (
				en,
			);
			mainGroup = 0D82C7F11D5F43AE00BEE29D;
			productRefGroup = 0D82C7FB1D5F43AE00BEE29D /* Products */;
			projectDirPath = "";
			projectRoot = "";
			targets = (
				0D82C7F91D5F43AE00BEE29D /* react-native-analog-clock */,
			);
		};
/* End PBXProject section */

/* Begin PBXSourcesBuildPhase section */
		0D82C7F61D5F43AE00BEE29D /* Sources */ = {
			isa = PBXSourcesBuildPhase;
			buildActionMask = 2147483647;
			files = (
				0D82C8111D5F43E500BEE29D /* KSMHand.m in Sources */,
				0D82C8101D5F43E500BEE29D /* BEMAnalogClockView.m in Sources */,
				0D82C80E1D5F43E500BEE29D /* RNAnalogClock.m in Sources */,
				0D82C80F1D5F43E500BEE29D /* RNAnalogClockManager.m in Sources */,
			);
			runOnlyForDeploymentPostprocessing = 0;
		};
/* End PBXSourcesBuildPhase section */

/* Begin XCBuildConfiguration section */
		0D82C8011D5F43AE00BEE29D /* Debug */ = {
			isa = XCBuildConfiguration;
			buildSettings = {
				ALWAYS_SEARCH_USER_PATHS = NO;
				CLANG_ANALYZER_NONNULL = YES;
				CLANG_CXX_LANGUAGE_STANDARD = "gnu++0x";
				CLANG_CXX_LIBRARY = "libc++";
				CLANG_ENABLE_MODULES = YES;
				CLANG_ENABLE_OBJC_ARC = YES;
				CLANG_WARN_BOOL_CONVERSION = YES;
				CLANG_WARN_CONSTANT_CONVERSION = YES;
				CLANG_WARN_DIRECT_OBJC_ISA_USAGE = YES_ERROR;
				CLANG_WARN_EMPTY_BODY = YES;
				CLANG_WARN_ENUM_CONVERSION = YES;
				CLANG_WARN_INT_CONVERSION = YES;
				CLANG_WARN_OBJC_ROOT_CLASS = YES_ERROR;
				CLANG_WARN_UNREACHABLE_CODE = YES;
				CLANG_WARN__DUPLICATE_METHOD_MATCH = YES;
				"CODE_SIGN_IDENTITY[sdk=iphoneos*]" = "iPhone Developer";
				COPY_PHASE_STRIP = NO;
				DEBUG_INFORMATION_FORMAT = dwarf;
				ENABLE_STRICT_OBJC_MSGSEND = YES;
				ENABLE_TESTABILITY = YES;
				GCC_C_LANGUAGE_STANDARD = gnu99;
				GCC_DYNAMIC_NO_PIC = NO;
				GCC_NO_COMMON_BLOCKS = YES;
				GCC_OPTIMIZATION_LEVEL = 0;
				GCC_PREPROCESSOR_DEFINITIONS = (
					"DEBUG=1",
					"$(inherited)",
				);
				GCC_WARN_64_TO_32_BIT_CONVERSION = YES;
				GCC_WARN_ABOUT_RETURN_TYPE = YES_ERROR;
				GCC_WARN_UNDECLARED_SELECTOR = YES;
				GCC_WARN_UNINITIALIZED_AUTOS = YES_AGGRESSIVE;
				GCC_WARN_UNUSED_FUNCTION = YES;
				GCC_WARN_UNUSED_VARIABLE = YES;
				IPHONEOS_DEPLOYMENT_TARGET = 9.3;
				MTL_ENABLE_DEBUG_INFO = YES;
				ONLY_ACTIVE_ARCH = YES;
				SDKROOT = iphoneos;
			};
			name = Debug;
		};
		0D82C8021D5F43AE00BEE29D /* Release */ = {
			isa = XCBuildConfiguration;
			buildSettings = {
				ALWAYS_SEARCH_USER_PATHS = NO;
				CLANG_ANALYZER_NONNULL = YES;
				CLANG_CXX_LANGUAGE_STANDARD = "gnu++0x";
				CLANG_CXX_LIBRARY = "libc++";
				CLANG_ENABLE_MODULES = YES;
				CLANG_ENABLE_OBJC_ARC = YES;
				CLANG_WARN_BOOL_CONVERSION = YES;
				CLANG_WARN_CONSTANT_CONVERSION = YES;
				CLANG_WARN_DIRECT_OBJC_ISA_USAGE = YES_ERROR;
				CLANG_WARN_EMPTY_BODY = YES;
				CLANG_WARN_ENUM_CONVERSION = YES;
				CLANG_WARN_INT_CONVERSION = YES;
				CLANG_WARN_OBJC_ROOT_CLASS = YES_ERROR;
				CLANG_WARN_UNREACHABLE_CODE = YES;
				CLANG_WARN__DUPLICATE_METHOD_MATCH = YES;
				"CODE_SIGN_IDENTITY[sdk=iphoneos*]" = "iPhone Developer";
				COPY_PHASE_STRIP = NO;
				DEBUG_INFORMATION_FORMAT = "dwarf-with-dsym";
				ENABLE_NS_ASSERTIONS = NO;
				ENABLE_STRICT_OBJC_MSGSEND = YES;
				GCC_C_LANGUAGE_STANDARD = gnu99;
				GCC_NO_COMMON_BLOCKS = YES;
				GCC_WARN_64_TO_32_BIT_CONVERSION = YES;
				GCC_WARN_ABOUT_RETURN_TYPE = YES_ERROR;
				GCC_WARN_UNDECLARED_SELECTOR = YES;
				GCC_WARN_UNINITIALIZED_AUTOS = YES_AGGRESSIVE;
				GCC_WARN_UNUSED_FUNCTION = YES;
				GCC_WARN_UNUSED_VARIABLE = YES;
				IPHONEOS_DEPLOYMENT_TARGET = 9.3;
				MTL_ENABLE_DEBUG_INFO = NO;
				SDKROOT = iphoneos;
				VALIDATE_PRODUCT = YES;
			};
			name = Release;
		};
		0D82C8041D5F43AE00BEE29D /* Debug */ = {
			isa = XCBuildConfiguration;
			buildSettings = {
				OTHER_LDFLAGS = "-ObjC";
				PRODUCT_NAME = "$(TARGET_NAME)";
				SKIP_INSTALL = YES;
			};
			name = Debug;
		};
		0D82C8051D5F43AE00BEE29D /* Release */ = {
			isa = XCBuildConfiguration;
			buildSettings = {
				OTHER_LDFLAGS = "-ObjC";
				PRODUCT_NAME = "$(TARGET_NAME)";
				SKIP_INSTALL = YES;
			};
			name = Release;
		};
/* End XCBuildConfiguration section */

/* Begin XCConfigurationList section */
		0D82C7F51D5F43AE00BEE29D /* Build configuration list for PBXProject "react-native-analog-clock" */ = {
			isa = XCConfigurationList;
			buildConfigurations = (
				0D82C8011D5F43AE00BEE29D /* Debug */,
				0D82C8021D5F43AE00BEE29D /* Release */,
			);
			defaultConfigurationIsVisible = 0;
			defaultConfigurationName = Release;
		};
		0D82C8031D5F43AE00BEE29D /* Build configuration list for PBXNativeTarget "react-native-analog-clock" */ = {
			isa = XCConfigurationList;
			buildConfigurations = (
				0D82C8041D5F43AE00BEE29D /* Debug */,
				0D82C8051D5F43AE00BEE29D /* Release */,
			);
			defaultConfigurationIsVisible = 0;
		};
/* End XCConfigurationList section */
	};
	rootObject = 0D82C7F21D5F43AE00BEE29D /* Project object */;
}
